<?xml version="1.0" encoding="utf-8"?>
<Project ToolsVersion="4.0" xmlns="http://schemas.microsoft.com/developer/msbuild/2003">
  <ItemGroup>
    <Filter Include="Source Files">
      <UniqueIdentifier>{4FC737F1-C7A5-4376-A066-2A32D752A2FF}</UniqueIdentifier>
      <Extensions>cpp;c;cc;cxx;c++;def;odl;idl;hpj;bat;asm;asmx</Extensions>
    </Filter>
    <Filter Include="Header Files">
      <UniqueIdentifier>{93995380-89BD-4b04-88EB-625FBE52EBFB}</UniqueIdentifier>
      <Extensions>h;hh;hpp;hxx;h++;hm;inl;inc;ipp;xsd</Extensions>
    </Filter>
    <Filter Include="Resource Files">
      <UniqueIdentifier>{67DA6AB6-F800-4c08-8B7A-83BB121AAD01}</UniqueIdentifier>
      <Extensions>rc;ico;cur;bmp;dlg;rc2;rct;bin;rgs;gif;jpg;jpeg;jpe;resx;tiff;tif;png;wav;mfcribbon-ms</Extensions>
    </Filter>
  </ItemGroup>
  <ItemGroup>
    <ClCompile Include="Source\Source.cpp">
      <Filter>Source Files</Filter>
    </ClCompile>
    <ClCompile Include="Source\Application\Application.cpp">
      <Filter>Source Files</Filter>
    </ClCompile>
    <ClCompile Include="Source\Modules\Window\Window.cpp">
      <Filter>Source Files</Filter>
    </ClCompile>
    <ClCompile Include="Source\Modules\Window\ApplicationWindow.cpp">
      <Filter>Source Files</Filter>
    </ClCompile>
    <ClCompile Include="Source\Modules\Graphics\Engine\GraphicsEngine.cpp">
      <Filter>Source Files</Filter>
    </ClCompile>
    <ClCompile Include="Source\Modules\Graphics\Engine\D3D11\D3D11Renderer.cpp">
      <Filter>Source Files</Filter>
    </ClCompile>
    <ClCompile Include="Source\Modules\Graphics\Engine\D3D11\Utilities\D3D11Utilities.cpp">
      <Filter>Source Files</Filter>
    </ClCompile>
    <ClCompile Include="Source\Modules\Graphics\Engine\D3D11\Shaders\VertexShader.cpp">
      <Filter>Source Files</Filter>
    </ClCompile>
    <ClCompile Include="Source\Modules\Graphics\Engine\D3D11\Shaders\ShaderService.cpp">
      <Filter>Source Files</Filter>
    </ClCompile>
    <ClCompile Include="Source\Modules\Graphics\Engine\D3D11\Shaders\PixelShader.cpp">
      <Filter>Source Files</Filter>
    </ClCompile>
    <ClCompile Include="Source\Modules\Graphics\Engine\D3D11\Shaders\IShader.cpp">
      <Filter>Source Files</Filter>
    </ClCompile>
    <ClCompile Include="Source\Modules\Graphics\Engine\D3D11\Shaders\HullShader.cpp">
      <Filter>Source Files</Filter>
    </ClCompile>
    <ClCompile Include="Source\Modules\Graphics\Engine\D3D11\Shaders\GeometryShader.cpp">
      <Filter>Source Files</Filter>
    </ClCompile>
    <ClCompile Include="Source\Modules\Graphics\Engine\D3D11\Shaders\DomainShader.cpp">
      <Filter>Source Files</Filter>
    </ClCompile>
    <ClCompile Include="Source\Modules\Graphics\Engine\D3D11\Shaders\ComputeShader.cpp">
      <Filter>Source Files</Filter>
    </ClCompile>
    <ClCompile Include="Source\Modules\Graphics\Engine\D3D11\DeviceManager\D3D11DeviceManager.cpp">
      <Filter>Source Files</Filter>
    </ClCompile>
    <ClCompile Include="Source\Modules\Input\DXTK\DXTKMouse.cpp">
      <Filter>Source Files</Filter>
    </ClCompile>
    <ClCompile Include="Source\Modules\Input\DXTK\DXTKKeyboard.cpp">
      <Filter>Source Files</Filter>
    </ClCompile>
    <ClCompile Include="Source\Modules\Input\InputEngine.cpp">
      <Filter>Source Files</Filter>
    </ClCompile>
    <ClCompile Include="Source\Modules\Graphics\Engine\D3D11\Buffers\Buffer.cpp">
      <Filter>Source Files</Filter>
    </ClCompile>
    <ClCompile Include="Source\Modules\Graphics\Engine\D3D11\Buffers\BufferService.cpp">
      <Filter>Source Files</Filter>
    </ClCompile>
    <ClCompile Include="Source\Modules\Graphics\Engine\D3D11\D3D11ContextHelper.cpp">
      <Filter>Source Files</Filter>
    </ClCompile>
    <ClCompile Include="Source\Modules\Scene\Scene.cpp">
      <Filter>Source Files</Filter>
    </ClCompile>
    <ClCompile Include="Source\Modules\Scene\DefaultScene.cpp">
      <Filter>Source Files</Filter>
    </ClCompile>
    <ClCompile Include="Source\Modules\Graphics\Components\Camera.cpp">
      <Filter>Source Files</Filter>
    </ClCompile>
    <ClCompile Include="Source\Modules\Graphics\Entities\GameEntity.cpp">
      <Filter>Source Files</Filter>
    </ClCompile>
    <ClCompile Include="Source\Modules\Graphics\Entities\Player.cpp">
      <Filter>Source Files</Filter>
    </ClCompile>
    <ClCompile Include="Source\Modules\Graphics\Entities\Model.cpp">
      <Filter>Source Files</Filter>
    </ClCompile>
    <ClCompile Include="Source\Modules\Graphics\Engine\ModelLoader\AssimpModelLoader.cpp">
      <Filter>Source Files</Filter>
    </ClCompile>
    <ClCompile Include="Source\Modules\Graphics\Engine\D3D11\Mesh\Mesh.cpp">
      <Filter>Source Files</Filter>
    </ClCompile>
    <ClCompile Include="Source\Modules\Graphics\Engine\ModelLoader\LoaderUtility.cpp">
      <Filter>Source Files</Filter>
    </ClCompile>
    <ClCompile Include="Source\Modules\Graphics\Engine\D3D11\Pipeline\TextureBatchDraw.cpp">
      <Filter>Source Files</Filter>
    </ClCompile>
    <ClCompile Include="Source\Modules\Graphics\Engine\D3D11\Texture\TextureService.cpp">
      <Filter>Source Files</Filter>
    </ClCompile>
  </ItemGroup>
  <ItemGroup>
    <ClInclude Include="Source\Application\Application.h">
      <Filter>Header Files</Filter>
    </ClInclude>
    <ClInclude Include="Source\Modules\Window\Window.h">
      <Filter>Header Files</Filter>
    </ClInclude>
    <ClInclude Include="Source\Modules\Window\ApplicationWindow.h">
      <Filter>Header Files</Filter>
    </ClInclude>
    <ClInclude Include="Source\Modules\Graphics\Engine\GraphicsEngine.h">
      <Filter>Header Files</Filter>
    </ClInclude>
    <ClInclude Include="Source\Modules\Graphics\Engine\D3D11\D3D11Renderer.h">
      <Filter>Header Files</Filter>
    </ClInclude>
    <ClInclude Include="Source\Modules\Graphics\Engine\D3D11\Utilities\D3D11Utilities.h">
      <Filter>Header Files</Filter>
    </ClInclude>
    <ClInclude Include="Source\Modules\Graphics\Engine\D3D11\Shaders\VertexShader.h">
      <Filter>Header Files</Filter>
    </ClInclude>
    <ClInclude Include="Source\Modules\Graphics\Engine\D3D11\Shaders\ShaderService.h">
      <Filter>Header Files</Filter>
    </ClInclude>
    <ClInclude Include="Source\Modules\Graphics\Engine\D3D11\Shaders\PixelShader.h">
      <Filter>Header Files</Filter>
    </ClInclude>
    <ClInclude Include="Source\Modules\Graphics\Engine\D3D11\Shaders\IShader.h">
      <Filter>Header Files</Filter>
    </ClInclude>
    <ClInclude Include="Source\Modules\Graphics\Engine\D3D11\Shaders\HullShader.h">
      <Filter>Header Files</Filter>
    </ClInclude>
    <ClInclude Include="Source\Modules\Graphics\Engine\D3D11\Shaders\GeometryShader.h">
      <Filter>Header Files</Filter>
    </ClInclude>
    <ClInclude Include="Source\Modules\Graphics\Engine\D3D11\Shaders\DomainShader.h">
      <Filter>Header Files</Filter>
    </ClInclude>
    <ClInclude Include="Source\Modules\Graphics\Engine\D3D11\Shaders\ComputeShader.h">
      <Filter>Header Files</Filter>
    </ClInclude>
    <ClInclude Include="Source\Modules\Graphics\Engine\D3D11\DeviceManager\D3D11DeviceManager.h">
      <Filter>Header Files</Filter>
    </ClInclude>
    <ClInclude Include="Source\Modules\Input\IMouseInput.h">
      <Filter>Header Files</Filter>
    </ClInclude>
    <ClInclude Include="Source\Modules\Input\IKeyboardInput.h">
      <Filter>Header Files</Filter>
    </ClInclude>
    <ClInclude Include="Source\Modules\Input\DXTK\DXTKMouse.h">
      <Filter>Header Files</Filter>
    </ClInclude>
    <ClInclude Include="Source\Modules\Input\DXTK\DXTKKeyboard.h">
      <Filter>Header Files</Filter>
    </ClInclude>
    <ClInclude Include="Source\Modules\Input\InputEngine.h">
      <Filter>Header Files</Filter>
    </ClInclude>
    <ClInclude Include="Source\Modules\Graphics\Engine\D3D11\Buffers\Buffer.h">
      <Filter>Header Files</Filter>
    </ClInclude>
    <ClInclude Include="Source\Modules\Graphics\Engine\D3D11\Buffers\BufferService.h">
      <Filter>Header Files</Filter>
    </ClInclude>
    <ClInclude Include="Source\Modules\Graphics\Engine\D3D11\D3D11ContextHelper.h">
      <Filter>Header Files</Filter>
    </ClInclude>
    <ClInclude Include="Source\Modules\Scene\Scene.h">
      <Filter>Header Files</Filter>
    </ClInclude>
    <ClInclude Include="Source\Modules\Scene\DefaultScene.h">
      <Filter>Header Files</Filter>
    </ClInclude>
    <ClInclude Include="Source\Modules\Graphics\Components\Camera.h">
      <Filter>Header Files</Filter>
    </ClInclude>
    <ClInclude Include="Source\Modules\Graphics\Entities\GameEntity.h">
      <Filter>Header Files</Filter>
    </ClInclude>
    <ClInclude Include="Source\Modules\Graphics\Entities\Player.h">
      <Filter>Header Files</Filter>
    </ClInclude>
    <ClInclude Include="Source\Modules\Graphics\Entities\Model.h">
      <Filter>Header Files</Filter>
    </ClInclude>
    <ClInclude Include="Source\Modules\Graphics\Engine\ModelLoader\IModelLoader.h">
      <Filter>Header Files</Filter>
    </ClInclude>
    <ClInclude Include="Source\Modules\Graphics\Engine\ModelLoader\AssimpModelLoader.h">
      <Filter>Header Files</Filter>
    </ClInclude>
    <ClInclude Include="Source\Modules\Graphics\Engine\D3D11\Mesh\Mesh.h">
      <Filter>Header Files</Filter>
    </ClInclude>
    <ClInclude Include="Source\Modules\Graphics\Engine\ModelLoader\LoaderUtility.h">
      <Filter>Header Files</Filter>
    </ClInclude>
    <ClInclude Include="Source\Modules\Graphics\Engine\D3D11\Pipeline\TextureBatchDraw.h">
      <Filter>Header Files</Filter>
    </ClInclude>
    <ClInclude Include="Source\Modules\Graphics\Engine\D3D11\Texture\TextureService.h">
      <Filter>Header Files</Filter>
    </ClInclude>
  </ItemGroup>
  <ItemGroup>
    <FxCompile Include="Source\Modules\Graphics\Engine\HLSLShaders\ComputeShader.hlsl" />
    <FxCompile Include="Source\Modules\Graphics\Engine\HLSLShaders\DomainShader.hlsl" />
    <FxCompile Include="Source\Modules\Graphics\Engine\HLSLShaders\GeometryShader.hlsl" />
    <FxCompile Include="Source\Modules\Graphics\Engine\HLSLShaders\HullShader.hlsl" />
    <FxCompile Include="Source\Modules\Graphics\Engine\HLSLShaders\PixelShader.hlsl" />
    <FxCompile Include="Source\Modules\Graphics\Engine\HLSLShaders\VertexShader.hlsl" />
    <FxCompile Include="Source\Modules\Graphics\Engine\HLSLShaders\LineVS.hlsl" />
    <FxCompile Include="Source\Modules\Graphics\Engine\HLSLShaders\LineGS.hlsl" />
    <FxCompile Include="Source\Modules\Graphics\Engine\HLSLShaders\LinePS.hlsl" />
  </ItemGroup>
</Project>